
Microsoft Visual Studio Solution File, Format Version 12.00
# Visual Studio Version 17
VisualStudioVersion = 17.4.33110.190
MinimumVisualStudioVersion = 10.0.40219.1
Project("{FAE04EC0-301F-11D3-BF4B-00C04F79EFBC}") = "ApiSistemaDeVentas", "ApiSistemaDeVentas.csproj", "{2059A663-EEA1-4548-9A66-D75F81297DE4}"
EndProject
Global
	GlobalSection(SolutionConfigurationPlatforms) = preSolution
		Debug|Any CPU = Debug|Any CPU
		Release|Any CPU = Release|Any CPU
	EndGlobalSection
	GlobalSection(ProjectConfigurationPlatforms) = postSolution
		{2059A663-EEA1-4548-9A66-D75F81297DE4}.Debug|Any CPU.ActiveCfg = Debug|Any CPU
		{2059A663-EEA1-4548-9A66-D75F81297DE4}.Debug|Any CPU.Build.0 = Debug|Any CPU
		{2059A663-EEA1-4548-9A66-D75F81297DE4}.Release|Any CPU.ActiveCfg = Release|Any CPU
		{2059A663-EEA1-4548-9A66-D75F81297DE4}.Release|Any CPU.Build.0 = Release|Any CPU
	EndGlobalSection
	GlobalSection(SolutionProperties) = preSolution
		HideSolutionNode = FALSE
	EndGlobalSection
	GlobalSection(ExtensibilityGlobals) = postSolution
		SolutionGuid = {9DE3144C-B5CD-423D-95C9-D48729E81458}
	EndGlobalSection
EndGlobal
